
Microsoft Visual Studio Solution File, Format Version 12.00
Project("{2150E333-8FDC-42A3-9474-1A3956D46DE8}") = "src", "src", "{29C7362B-E3D1-4073-9F7A-0A9ECE910E20}"
EndProject
Project("{FAE04EC0-301F-11D3-BF4B-00C04F79EFBC}") = "API", "src\API\API.csproj", "{EE8894AF-BD4D-40B6-9679-BF4DD1BC2927}"
EndProject
Project("{FAE04EC0-301F-11D3-BF4B-00C04F79EFBC}") = "DLL", "src\DLL\DLL.csproj", "{71B35B69-CDEB-4435-AEBA-7E85349C31FD}"
EndProject
Project("{FAE04EC0-301F-11D3-BF4B-00C04F79EFBC}") = "BLL", "src\BLL\BLL.csproj", "{EC0746CD-F0B1-444F-9358-EB2842F4D037}"
EndProject
Project("{FAE04EC0-301F-11D3-BF4B-00C04F79EFBC}") = "Utils", "src\Utils\Utils.csproj", "{2D8EB658-44D2-4410-A4A4-B1AEADA15F44}"
EndProject
Global
	GlobalSection(SolutionConfigurationPlatforms) = preSolution
		Debug|Any CPU = Debug|Any CPU
		Release|Any CPU = Release|Any CPU
	EndGlobalSection
	GlobalSection(NestedProjects) = preSolution
		{EE8894AF-BD4D-40B6-9679-BF4DD1BC2927} = {29C7362B-E3D1-4073-9F7A-0A9ECE910E20}
		{71B35B69-CDEB-4435-AEBA-7E85349C31FD} = {29C7362B-E3D1-4073-9F7A-0A9ECE910E20}
		{EC0746CD-F0B1-444F-9358-EB2842F4D037} = {29C7362B-E3D1-4073-9F7A-0A9ECE910E20}
		{2D8EB658-44D2-4410-A4A4-B1AEADA15F44} = {29C7362B-E3D1-4073-9F7A-0A9ECE910E20}
	EndGlobalSection
	GlobalSection(ProjectConfigurationPlatforms) = postSolution
		{EE8894AF-BD4D-40B6-9679-BF4DD1BC2927}.Debug|Any CPU.ActiveCfg = Debug|Any CPU
		{EE8894AF-BD4D-40B6-9679-BF4DD1BC2927}.Debug|Any CPU.Build.0 = Debug|Any CPU
		{71B35B69-CDEB-4435-AEBA-7E85349C31FD}.Debug|Any CPU.ActiveCfg = Debug|Any CPU
		{71B35B69-CDEB-4435-AEBA-7E85349C31FD}.Debug|Any CPU.Build.0 = Debug|Any CPU
		{71B35B69-CDEB-4435-AEBA-7E85349C31FD}.Release|Any CPU.ActiveCfg = Release|Any CPU
		{71B35B69-CDEB-4435-AEBA-7E85349C31FD}.Release|Any CPU.Build.0 = Release|Any CPU
		{EC0746CD-F0B1-444F-9358-EB2842F4D037}.Debug|Any CPU.ActiveCfg = Debug|Any CPU
		{EC0746CD-F0B1-444F-9358-EB2842F4D037}.Debug|Any CPU.Build.0 = Debug|Any CPU
		{EC0746CD-F0B1-444F-9358-EB2842F4D037}.Release|Any CPU.ActiveCfg = Release|Any CPU
		{EC0746CD-F0B1-444F-9358-EB2842F4D037}.Release|Any CPU.Build.0 = Release|Any CPU
		{2D8EB658-44D2-4410-A4A4-B1AEADA15F44}.Debug|Any CPU.ActiveCfg = Debug|Any CPU
		{2D8EB658-44D2-4410-A4A4-B1AEADA15F44}.Debug|Any CPU.Build.0 = Debug|Any CPU
		{2D8EB658-44D2-4410-A4A4-B1AEADA15F44}.Release|Any CPU.ActiveCfg = Release|Any CPU
		{2D8EB658-44D2-4410-A4A4-B1AEADA15F44}.Release|Any CPU.Build.0 = Release|Any CPU
	EndGlobalSection
EndGlobal
